<?xml version="1.0" encoding="utf-8"?>
<Project ToolsVersion="4.0" xmlns="http://schemas.microsoft.com/developer/msbuild/2003">
  <ItemGroup>
    <Filter Include="Source Files">
      <UniqueIdentifier>{4FC737F1-C7A5-4376-A066-2A32D752A2FF}</UniqueIdentifier>
      <Extensions>cpp;c;cc;cxx;def;odl;idl;hpj;bat;asm;asmx</Extensions>
    </Filter>
    <Filter Include="Header Files">
      <UniqueIdentifier>{93995380-89BD-4b04-88EB-625FBE52EBFB}</UniqueIdentifier>
      <Extensions>h;hpp;hxx;hm;inl;inc;xsd</Extensions>
    </Filter>
    <Filter Include="MVC">
      <UniqueIdentifier>{da86c79c-ed52-4636-966d-66c36b5b0d46}</UniqueIdentifier>
    </Filter>
    <Filter Include="Shader">
      <UniqueIdentifier>{b7c07e73-63b2-4fbd-bfb0-7be091505817}</UniqueIdentifier>
    </Filter>
    <Filter Include="Scene Graph Files">
      <UniqueIdentifier>{1b78e19b-8eeb-4c88-815e-77798b457be2}</UniqueIdentifier>
    </Filter>
    <Filter Include="Spatial Partition Files">
      <UniqueIdentifier>{86e48c43-1f46-41b4-a5f2-c4886bd0c411}</UniqueIdentifier>
    </Filter>
    <Filter Include="Projectile">
      <UniqueIdentifier>{ec3fc9f2-194c-46db-b5c7-fd9d18f28dc4}</UniqueIdentifier>
    </Filter>
  </ItemGroup>
  <ItemGroup>
    <ClCompile Include="Source\main.cpp">
      <Filter>Source Files</Filter>
    </ClCompile>
    <ClCompile Include="Source\shader.cpp">
      <Filter>Source Files</Filter>
    </ClCompile>
    <ClCompile Include="Source\Mesh.cpp">
      <Filter>Source Files</Filter>
    </ClCompile>
    <ClCompile Include="Source\Camera.cpp">
      <Filter>Source Files</Filter>
    </ClCompile>
    <ClCompile Include="Source\MeshBuilder.cpp">
      <Filter>Source Files</Filter>
    </ClCompile>
    <ClCompile Include="Source\Utility.cpp">
      <Filter>Source Files</Filter>
    </ClCompile>
    <ClCompile Include="Source\LoadTGA.cpp">
      <Filter>Source Files</Filter>
    </ClCompile>
    <ClCompile Include="Source\Camera3.cpp">
      <Filter>Source Files</Filter>
    </ClCompile>
    <ClCompile Include="Source\LoadOBJ.cpp">
      <Filter>Source Files</Filter>
    </ClCompile>
    <ClCompile Include="Source\LoadHmap.cpp">
      <Filter>Source Files</Filter>
    </ClCompile>
    <ClCompile Include="Source\SpriteAnimation.cpp">
      <Filter>Source Files</Filter>
    </ClCompile>
    <ClCompile Include="Source\TileMap.cpp">
      <Filter>Source Files</Filter>
    </ClCompile>
    <ClCompile Include="Source\Controller.cpp">
      <Filter>MVC</Filter>
    </ClCompile>
    <ClCompile Include="Source\Model.cpp">
      <Filter>MVC</Filter>
    </ClCompile>
    <ClCompile Include="Source\View.cpp">
      <Filter>MVC</Filter>
    </ClCompile>
    <ClCompile Include="Source\GBuffer.cpp">
      <Filter>Source Files</Filter>
    </ClCompile>
    <ClCompile Include="Source\Scene Graph\SceneNode.cpp">
      <Filter>Scene Graph Files</Filter>
    </ClCompile>
    <ClCompile Include="Source\Controller_3D.cpp">
      <Filter>MVC</Filter>
    </ClCompile>
    <ClCompile Include="Source\Model_3D.cpp">
      <Filter>MVC</Filter>
    </ClCompile>
    <ClCompile Include="Source\MyModel.cpp">
      <Filter>MVC</Filter>
    </ClCompile>
    <ClCompile Include="Source\OrientedBoundingBox.cpp">
      <Filter>Source Files</Filter>
    </ClCompile>
    <ClCompile Include="Source\View_3D.cpp">
      <Filter>Source Files</Filter>
    </ClCompile>
    <ClCompile Include="Source\Spatial Partition\SpatialPartition.cpp">
      <Filter>Spatial Partition Files</Filter>
    </ClCompile>
    <ClCompile Include="Source\Spatial Partition\SpatialPartitionGrid.cpp">
      <Filter>Spatial Partition Files</Filter>
    </ClCompile>
    <ClCompile Include="Source\MyView.cpp">
      <Filter>MVC</Filter>
    </ClCompile>
    <ClCompile Include="Source\Projectile\Projectile.cpp">
      <Filter>Projectile</Filter>
    </ClCompile>
    <ClCompile Include="Source\Projectile\ProjectileManager.cpp">
      <Filter>Projectile</Filter>
    </ClCompile>
  </ItemGroup>
  <ItemGroup>
    <ClInclude Include="Source\Geometry.h">
      <Filter>Header Files</Filter>
    </ClInclude>
    <ClInclude Include="Source\shader.hpp">
      <Filter>Header Files</Filter>
    </ClInclude>
    <ClInclude Include="Source\Camera.h">
      <Filter>Header Files</Filter>
    </ClInclude>
    <ClInclude Include="Source\Mesh.h">
      <Filter>Header Files</Filter>
    </ClInclude>
    <ClInclude Include="Source\Vertex.h">
      <Filter>Header Files</Filter>
    </ClInclude>
    <ClInclude Include="Source\MeshBuilder.h">
      <Filter>Header Files</Filter>
    </ClInclude>
    <ClInclude Include="Source\Light.h">
      <Filter>Header Files</Filter>
    </ClInclude>
    <ClInclude Include="Source\Utility.h">
      <Filter>Header Files</Filter>
    </ClInclude>
    <ClInclude Include="Source\Material.h">
      <Filter>Header Files</Filter>
    </ClInclude>
    <ClInclude Include="Source\LoadTGA.h">
      <Filter>Header Files</Filter>
    </ClInclude>
    <ClInclude Include="Source\Camera3.h">
      <Filter>Header Files</Filter>
    </ClInclude>
    <ClInclude Include="Source\LoadOBJ.h">
      <Filter>Header Files</Filter>
    </ClInclude>
    <ClInclude Include="Source\LoadHmap.h">
      <Filter>Header Files</Filter>
    </ClInclude>
    <ClInclude Include="Source\SpriteAnimation.h">
      <Filter>Header Files</Filter>
    </ClInclude>
    <ClInclude Include="Source\Object.h">
      <Filter>Header Files</Filter>
    </ClInclude>
    <ClInclude Include="Source\TileMap.h">
      <Filter>Header Files</Filter>
    </ClInclude>
    <ClInclude Include="Source\Controller.h">
      <Filter>MVC</Filter>
    </ClInclude>
    <ClInclude Include="Source\View.h">
      <Filter>MVC</Filter>
    </ClInclude>
    <ClInclude Include="Source\Model.h">
      <Filter>MVC</Filter>
    </ClInclude>
    <ClInclude Include="KeyBinds.h">
      <Filter>Header Files</Filter>
    </ClInclude>
    <ClInclude Include="Source\GBuffer.h">
      <Filter>Header Files</Filter>
    </ClInclude>
    <ClInclude Include="Source\Scene Graph\SceneNode.h">
      <Filter>Scene Graph Files</Filter>
    </ClInclude>
    <ClInclude Include="Source\Controller_3D.h">
      <Filter>MVC</Filter>
    </ClInclude>
    <ClInclude Include="Source\Model_3D.h">
      <Filter>MVC</Filter>
    </ClInclude>
    <ClInclude Include="Source\MyModel.h">
      <Filter>MVC</Filter>
    </ClInclude>
    <ClInclude Include="Source\OrientedBoundingBox.h">
      <Filter>Header Files</Filter>
    </ClInclude>
    <ClInclude Include="Source\View_3D.h">
      <Filter>Header Files</Filter>
    </ClInclude>
    <ClInclude Include="Source\Spatial Partition\SpatialPartition.h">
      <Filter>Spatial Partition Files</Filter>
    </ClInclude>
    <ClInclude Include="Source\Spatial Partition\SpatialPartitionGrid.h">
      <Filter>Spatial Partition Files</Filter>
    </ClInclude>
    <ClInclude Include="Source\MyView.h">
      <Filter>MVC</Filter>
    </ClInclude>
    <ClInclude Include="Source\Projectile\Projectile.h">
      <Filter>Projectile</Filter>
    </ClInclude>
    <ClInclude Include="Source\Projectile\ProjectileManager.h">
      <Filter>Projectile</Filter>
    </ClInclude>
    <ClInclude Include="Source\Projectile\Projectile-OBB.hpp">
      <Filter>Projectile</Filter>
    </ClInclude>
  </ItemGroup>
  <ItemGroup>
    <None Include="Shader\GeometryPass.fragmentshader">
      <Filter>Shader</Filter>
    </None>
    <None Include="Shader\LightPass.fragmentshader">
      <Filter>Shader</Filter>
    </None>
    <None Include="Shader\GeometryPass.vertexshader">
      <Filter>Shader</Filter>
    </None>
    <None Include="Shader\LightPass.vertexshader">
      <Filter>Shader</Filter>
    </None>
  </ItemGroup>
</Project>